
Microsoft Visual Studio Solution File, Format Version 12.00
# Visual Studio 15
VisualStudioVersion = 15.0.28307.421
MinimumVisualStudioVersion = 10.0.40219.1
Project("{FAE04EC0-301F-11D3-BF4B-00C04F79EFBC}") = "Homefield.Sentinel", "Homefield.Sentinel\Homefield.Sentinel.csproj", "{151B6ACA-B87E-425A-8348-6A0CDCB1D111}"
EndProject
Global
	GlobalSection(SolutionConfigurationPlatforms) = preSolution
		Debug|Any CPU = Debug|Any CPU
		Release|Any CPU = Release|Any CPU
	EndGlobalSection
	GlobalSection(ProjectConfigurationPlatforms) = postSolution
		{151B6ACA-B87E-425A-8348-6A0CDCB1D111}.Debug|Any CPU.ActiveCfg = Debug|Any CPU
		{151B6ACA-B87E-425A-8348-6A0CDCB1D111}.Debug|Any CPU.Build.0 = Debug|Any CPU
		{151B6ACA-B87E-425A-8348-6A0CDCB1D111}.Release|Any CPU.ActiveCfg = Release|Any CPU
		{151B6ACA-B87E-425A-8348-6A0CDCB1D111}.Release|Any CPU.Build.0 = Release|Any CPU
	EndGlobalSection
	GlobalSection(SolutionProperties) = preSolution
		HideSolutionNode = FALSE
	EndGlobalSection
	GlobalSection(ExtensibilityGlobals) = postSolution
		SolutionGuid = {FE26CF61-D0A9-41C6-9959-B2D6B0A49D38}
	EndGlobalSection
EndGlobal
